
Microsoft Visual Studio Solution File, Format Version 12.00
# Visual Studio Version 17
VisualStudioVersion = 17.6.33723.286
MinimumVisualStudioVersion = 10.0.40219.1
Project("{FAE04EC0-301F-11D3-BF4B-00C04F79EFBC}") = "Lab-3", "Lab-3\Lab-3.csproj", "{6057D550-0D4A-43FB-835A-CC5F294E9DA5}"
EndProject
Project("{FAE04EC0-301F-11D3-BF4B-00C04F79EFBC}") = "Lab3Tests", "Lab3Tests\Lab3Tests.csproj", "{1FA9D0AE-0EDE-4134-9938-B42D4FAEF437}"
EndProject
Global
	GlobalSection(SolutionConfigurationPlatforms) = preSolution
		Debug|Any CPU = Debug|Any CPU
		Release|Any CPU = Release|Any CPU
	EndGlobalSection
	GlobalSection(ProjectConfigurationPlatforms) = postSolution
		{6057D550-0D4A-43FB-835A-CC5F294E9DA5}.Debug|Any CPU.ActiveCfg = Debug|Any CPU
		{6057D550-0D4A-43FB-835A-CC5F294E9DA5}.Debug|Any CPU.Build.0 = Debug|Any CPU
		{6057D550-0D4A-43FB-835A-CC5F294E9DA5}.Release|Any CPU.ActiveCfg = Release|Any CPU
		{6057D550-0D4A-43FB-835A-CC5F294E9DA5}.Release|Any CPU.Build.0 = Release|Any CPU
		{1FA9D0AE-0EDE-4134-9938-B42D4FAEF437}.Debug|Any CPU.ActiveCfg = Debug|Any CPU
		{1FA9D0AE-0EDE-4134-9938-B42D4FAEF437}.Debug|Any CPU.Build.0 = Debug|Any CPU
		{1FA9D0AE-0EDE-4134-9938-B42D4FAEF437}.Release|Any CPU.ActiveCfg = Release|Any CPU
		{1FA9D0AE-0EDE-4134-9938-B42D4FAEF437}.Release|Any CPU.Build.0 = Release|Any CPU
	EndGlobalSection
	GlobalSection(SolutionProperties) = preSolution
		HideSolutionNode = FALSE
	EndGlobalSection
	GlobalSection(ExtensibilityGlobals) = postSolution
		SolutionGuid = {CA070206-63F0-428B-9B3D-72FEE4CF068F}
	EndGlobalSection
EndGlobal
